// !$*UTF8*$!
{
	archiveVersion = 1;
	classes = {
	};
	objectVersion = 50;
	objects = {

/* Begin PBXBuildFile section */
		02365F5C21B18B4400156242 /* FormData.h in Headers */ = {isa = PBXBuildFile; fileRef = 02365F5A21B18B4400156242 /* FormData.h */; settings = {ATTRIBUTES = (Public, ); }; };
		02365F6321B18B5500156242 /* FormDataEncoder.swift in Sources */ = {isa = PBXBuildFile; fileRef = 02365F6221B18B5500156242 /* FormDataEncoder.swift */; };
		02365F6A21B18BF000156242 /* FormFile.swift in Sources */ = {isa = PBXBuildFile; fileRef = 02365F6921B18BF000156242 /* FormFile.swift */; };
		02365F7621B18F7700156242 /* FormDataEncoder.podspec in Resources */ = {isa = PBXBuildFile; fileRef = 02365F7521B18F7700156242 /* FormDataEncoder.podspec */; };
		02995BFF2237D72200AABCA1 /* Tests.swift in Sources */ = {isa = PBXBuildFile; fileRef = 02995BFE2237D72200AABCA1 /* Tests.swift */; };
		02995C012237D72200AABCA1 /* FormData.framework in Frameworks */ = {isa = PBXBuildFile; fileRef = 02365F5721B18B4400156242 /* FormData.framework */; };
/* End PBXBuildFile section */

/* Begin PBXContainerItemProxy section */
		02995C022237D72200AABCA1 /* PBXContainerItemProxy */ = {
			isa = PBXContainerItemProxy;
			containerPortal = 02365F4E21B18B4400156242 /* Project object */;
			proxyType = 1;
			remoteGlobalIDString = 02365F5621B18B4400156242;
			remoteInfo = FormData;
		};
/* End PBXContainerItemProxy section */

/* Begin PBXFileReference section */
		02365F5721B18B4400156242 /* FormData.framework */ = {isa = PBXFileReference; explicitFileType = wrapper.framework; includeInIndex = 0; path = FormData.framework; sourceTree = BUILT_PRODUCTS_DIR; };
		02365F5A21B18B4400156242 /* FormData.h */ = {isa = PBXFileReference; lastKnownFileType = sourcecode.c.h; path = FormData.h; sourceTree = "<group>"; };
		02365F5B21B18B4400156242 /* Info.plist */ = {isa = PBXFileReference; lastKnownFileType = text.plist.xml; path = Info.plist; sourceTree = "<group>"; };
		02365F6221B18B5500156242 /* FormDataEncoder.swift */ = {isa = PBXFileReference; lastKnownFileType = sourcecode.swift; path = FormDataEncoder.swift; sourceTree = "<group>"; };
		02365F6921B18BF000156242 /* FormFile.swift */ = {isa = PBXFileReference; lastKnownFileType = sourcecode.swift; path = FormFile.swift; sourceTree = "<group>"; };
		02365F7521B18F7700156242 /* FormDataEncoder.podspec */ = {isa = PBXFileReference; lastKnownFileType = text; path = FormDataEncoder.podspec; sourceTree = "<group>"; };
		02995BFC2237D72200AABCA1 /* Tests.xctest */ = {isa = PBXFileReference; explicitFileType = wrapper.cfbundle; includeInIndex = 0; path = Tests.xctest; sourceTree = BUILT_PRODUCTS_DIR; };
		02995BFE2237D72200AABCA1 /* Tests.swift */ = {isa = PBXFileReference; lastKnownFileType = sourcecode.swift; path = Tests.swift; sourceTree = "<group>"; };
		02995C002237D72200AABCA1 /* Info.plist */ = {isa = PBXFileReference; lastKnownFileType = text.plist.xml; path = Info.plist; sourceTree = "<group>"; };
/* End PBXFileReference section */

/* Begin PBXFrameworksBuildPhase section */
		02365F5421B18B4400156242 /* Frameworks */ = {
			isa = PBXFrameworksBuildPhase;
			buildActionMask = 2147483647;
			files = (
			);
			runOnlyForDeploymentPostprocessing = 0;
		};
		02995BF92237D72200AABCA1 /* Frameworks */ = {
			isa = PBXFrameworksBuildPhase;
			buildActionMask = 2147483647;
			files = (
				02995C012237D72200AABCA1 /* FormData.framework in Frameworks */,
			);
			runOnlyForDeploymentPostprocessing = 0;
		};
/* End PBXFrameworksBuildPhase section */

/* Begin PBXGroup section */
		02365F4D21B18B4400156242 = {
			isa = PBXGroup;
			children = (
				02365F7521B18F7700156242 /* FormDataEncoder.podspec */,
				02365F5921B18B4400156242 /* Sources */,
				02995BFD2237D72200AABCA1 /* Tests */,
				02365F5821B18B4400156242 /* Products */,
			);
			sourceTree = "<group>";
		};
		02365F5821B18B4400156242 /* Products */ = {
			isa = PBXGroup;
			children = (
				02365F5721B18B4400156242 /* FormData.framework */,
				02995BFC2237D72200AABCA1 /* Tests.xctest */,
			);
			name = Products;
			sourceTree = "<group>";
		};
		02365F5921B18B4400156242 /* Sources */ = {
			isa = PBXGroup;
			children = (
				02365F6221B18B5500156242 /* FormDataEncoder.swift */,
				02365F6621B18BBE00156242 /* Models */,
				02365F5A21B18B4400156242 /* FormData.h */,
				02365F5B21B18B4400156242 /* Info.plist */,
			);
			path = Sources;
			sourceTree = "<group>";
		};
		02365F6621B18BBE00156242 /* Models */ = {
			isa = PBXGroup;
			children = (
				02365F6921B18BF000156242 /* FormFile.swift */,
			);
			path = Models;
			sourceTree = "<group>";
		};
		02995BFD2237D72200AABCA1 /* Tests */ = {
			isa = PBXGroup;
			children = (
				02995BFE2237D72200AABCA1 /* Tests.swift */,
				02995C002237D72200AABCA1 /* Info.plist */,
			);
			path = Tests;
			sourceTree = "<group>";
		};
/* End PBXGroup section */

/* Begin PBXHeadersBuildPhase section */
		02365F5221B18B4400156242 /* Headers */ = {
			isa = PBXHeadersBuildPhase;
			buildActionMask = 2147483647;
			files = (
				02365F5C21B18B4400156242 /* FormData.h in Headers */,
			);
			runOnlyForDeploymentPostprocessing = 0;
		};
/* End PBXHeadersBuildPhase section */

/* Begin PBXNativeTarget section */
		02365F5621B18B4400156242 /* FormData */ = {
			isa = PBXNativeTarget;
			buildConfigurationList = 02365F5F21B18B4400156242 /* Build configuration list for PBXNativeTarget "FormData" */;
			buildPhases = (
				02365F5221B18B4400156242 /* Headers */,
				02365F5321B18B4400156242 /* Sources */,
				02365F5421B18B4400156242 /* Frameworks */,
				02365F5521B18B4400156242 /* Resources */,
			);
			buildRules = (
			);
			dependencies = (
			);
			name = FormData;
			productName = FormData;
			productReference = 02365F5721B18B4400156242 /* FormData.framework */;
			productType = "com.apple.product-type.framework";
		};
		02995BFB2237D72200AABCA1 /* Tests */ = {
			isa = PBXNativeTarget;
			buildConfigurationList = 02995C062237D72200AABCA1 /* Build configuration list for PBXNativeTarget "Tests" */;
			buildPhases = (
				02995BF82237D72200AABCA1 /* Sources */,
				02995BF92237D72200AABCA1 /* Frameworks */,
				02995BFA2237D72200AABCA1 /* Resources */,
			);
			buildRules = (
			);
			dependencies = (
				02995C032237D72200AABCA1 /* PBXTargetDependency */,
			);
			name = Tests;
			productName = Tests;
			productReference = 02995BFC2237D72200AABCA1 /* Tests.xctest */;
			productType = "com.apple.product-type.bundle.unit-test";
		};
/* End PBXNativeTarget section */

/* Begin PBXProject section */
		02365F4E21B18B4400156242 /* Project object */ = {
			isa = PBXProject;
			attributes = {
				LastSwiftUpdateCheck = 1010;
				LastUpgradeCheck = 1010;
				ORGANIZATIONNAME = arifads;
				TargetAttributes = {
					02365F5621B18B4400156242 = {
						CreatedOnToolsVersion = 10.1;
						LastSwiftMigration = 1010;
					};
					02995BFB2237D72200AABCA1 = {
						CreatedOnToolsVersion = 10.1;
					};
				};
			};
			buildConfigurationList = 02365F5121B18B4400156242 /* Build configuration list for PBXProject "FormData" */;
			compatibilityVersion = "Xcode 9.3";
			developmentRegion = en;
			hasScannedForEncodings = 0;
			knownRegions = (
				en,
			);
			mainGroup = 02365F4D21B18B4400156242;
			productRefGroup = 02365F5821B18B4400156242 /* Products */;
			projectDirPath = "";
			projectRoot = "";
			targets = (
				02365F5621B18B4400156242 /* FormData */,
				02995BFB2237D72200AABCA1 /* Tests */,
			);
		};
/* End PBXProject section */

/* Begin PBXResourcesBuildPhase section */
		02365F5521B18B4400156242 /* Resources */ = {
			isa = PBXResourcesBuildPhase;
			buildActionMask = 2147483647;
			files = (
				02365F7621B18F7700156242 /* FormDataEncoder.podspec in Resources */,
			);
			runOnlyForDeploymentPostprocessing = 0;
		};
		02995BFA2237D72200AABCA1 /* Resources */ = {
			isa = PBXResourcesBuildPhase;
			buildActionMask = 2147483647;
			files = (
			);
			runOnlyForDeploymentPostprocessing = 0;
		};
/* End PBXResourcesBuildPhase section */

/* Begin PBXSourcesBuildPhase section */
		02365F5321B18B4400156242 /* Sources */ = {
			isa = PBXSourcesBuildPhase;
			buildActionMask = 2147483647;
			files = (
				02365F6A21B18BF000156242 /* FormFile.swift in Sources */,
				02365F6321B18B5500156242 /* FormDataEncoder.swift in Sources */,
			);
			runOnlyForDeploymentPostprocessing = 0;
		};
		02995BF82237D72200AABCA1 /* Sources */ = {
			isa = PBXSourcesBuildPhase;
			buildActionMask = 2147483647;
			files = (
				02995BFF2237D72200AABCA1 /* Tests.swift in Sources */,
			);
			runOnlyForDeploymentPostprocessing = 0;
		};
/* End PBXSourcesBuildPhase section */

/* Begin PBXTargetDependency section */
		02995C032237D72200AABCA1 /* PBXTargetDependency */ = {
			isa = PBXTargetDependency;
			target = 02365F5621B18B4400156242 /* FormData */;
			targetProxy = 02995C022237D72200AABCA1 /* PBXContainerItemProxy */;
		};
/* End PBXTargetDependency section */

/* Begin XCBuildConfiguration section */
		02365F5D21B18B4400156242 /* Debug */ = {
			isa = XCBuildConfiguration;
			buildSettings = {
				ALWAYS_SEARCH_USER_PATHS = NO;
				CLANG_ANALYZER_NONNULL = YES;
				CLANG_ANALYZER_NUMBER_OBJECT_CONVERSION = YES_AGGRESSIVE;
				CLANG_CXX_LANGUAGE_STANDARD = "gnu++14";
				CLANG_CXX_LIBRARY = "libc++";
				CLANG_ENABLE_MODULES = YES;
				CLANG_ENABLE_OBJC_ARC = YES;
				CLANG_ENABLE_OBJC_WEAK = YES;
				CLANG_WARN_BLOCK_CAPTURE_AUTORELEASING = YES;
				CLANG_WARN_BOOL_CONVERSION = YES;
				CLANG_WARN_COMMA = YES;
				CLANG_WARN_CONSTANT_CONVERSION = YES;
				CLANG_WARN_DEPRECATED_OBJC_IMPLEMENTATIONS = YES;
				CLANG_WARN_DIRECT_OBJC_ISA_USAGE = YES_ERROR;
				CLANG_WARN_DOCUMENTATION_COMMENTS = YES;
				CLANG_WARN_EMPTY_BODY = YES;
				CLANG_WARN_ENUM_CONVERSION = YES;
				CLANG_WARN_INFINITE_RECURSION = YES;
				CLANG_WARN_INT_CONVERSION = YES;
				CLANG_WARN_NON_LITERAL_NULL_CONVERSION = YES;
				CLANG_WARN_OBJC_IMPLICIT_RETAIN_SELF = YES;
				CLANG_WARN_OBJC_LITERAL_CONVERSION = YES;
				CLANG_WARN_OBJC_ROOT_CLASS = YES_ERROR;
				CLANG_WARN_RANGE_LOOP_ANALYSIS = YES;
				CLANG_WARN_STRICT_PROTOTYPES = YES;
				CLANG_WARN_SUSPICIOUS_MOVE = YES;
				CLANG_WARN_UNGUARDED_AVAILABILITY = YES_AGGRESSIVE;
				CLANG_WARN_UNREACHABLE_CODE = YES;
				CLANG_WARN__DUPLICATE_METHOD_MATCH = YES;
				CODE_SIGN_IDENTITY = "iPhone Developer";
				COPY_PHASE_STRIP = NO;
				CURRENT_PROJECT_VERSION = 1;
				DEBUG_INFORMATION_FORMAT = dwarf;
				ENABLE_STRICT_OBJC_MSGSEND = YES;
				ENABLE_TESTABILITY = YES;
				GCC_C_LANGUAGE_STANDARD = gnu11;
				GCC_DYNAMIC_NO_PIC = NO;
				GCC_NO_COMMON_BLOCKS = YES;
				GCC_OPTIMIZATION_LEVEL = 0;
				GCC_PREPROCESSOR_DEFINITIONS = (
					"DEBUG=1",
					"$(inherited)",
				);
				GCC_WARN_64_TO_32_BIT_CONVERSION = YES;
				GCC_WARN_ABOUT_RETURN_TYPE = YES_ERROR;
				GCC_WARN_UNDECLARED_SELECTOR = YES;
				GCC_WARN_UNINITIALIZED_AUTOS = YES_AGGRESSIVE;
				GCC_WARN_UNUSED_FUNCTION = YES;
				GCC_WARN_UNUSED_VARIABLE = YES;
				IPHONEOS_DEPLOYMENT_TARGET = 12.1;
				MTL_ENABLE_DEBUG_INFO = INCLUDE_SOURCE;
				MTL_FAST_MATH = YES;
				ONLY_ACTIVE_ARCH = YES;
				SDKROOT = iphoneos;
				SWIFT_ACTIVE_COMPILATION_CONDITIONS = DEBUG;
				SWIFT_OPTIMIZATION_LEVEL = "-Onone";
				VERSIONING_SYSTEM = "apple-generic";
				VERSION_INFO_PREFIX = "";
			};
			name = Debug;
		};
		02365F5E21B18B4400156242 /* Release */ = {
			isa = XCBuildConfiguration;
			buildSettings = {
				ALWAYS_SEARCH_USER_PATHS = NO;
				CLANG_ANALYZER_NONNULL = YES;
				CLANG_ANALYZER_NUMBER_OBJECT_CONVERSION = YES_AGGRESSIVE;
				CLANG_CXX_LANGUAGE_STANDARD = "gnu++14";
				CLANG_CXX_LIBRARY = "libc++";
				CLANG_ENABLE_MODULES = YES;
				CLANG_ENABLE_OBJC_ARC = YES;
				CLANG_ENABLE_OBJC_WEAK = YES;
				CLANG_WARN_BLOCK_CAPTURE_AUTORELEASING = YES;
				CLANG_WARN_BOOL_CONVERSION = YES;
				CLANG_WARN_COMMA = YES;
				CLANG_WARN_CONSTANT_CONVERSION = YES;
				CLANG_WARN_DEPRECATED_OBJC_IMPLEMENTATIONS = YES;
				CLANG_WARN_DIRECT_OBJC_ISA_USAGE = YES_ERROR;
				CLANG_WARN_DOCUMENTATION_COMMENTS = YES;
				CLANG_WARN_EMPTY_BODY = YES;
				CLANG_WARN_ENUM_CONVERSION = YES;
				CLANG_WARN_INFINITE_RECURSION = YES;
				CLANG_WARN_INT_CONVERSION = YES;
				CLANG_WARN_NON_LITERAL_NULL_CONVERSION = YES;
				CLANG_WARN_OBJC_IMPLICIT_RETAIN_SELF = YES;
				CLANG_WARN_OBJC_LITERAL_CONVERSION = YES;
				CLANG_WARN_OBJC_ROOT_CLASS = YES_ERROR;
				CLANG_WARN_RANGE_LOOP_ANALYSIS = YES;
				CLANG_WARN_STRICT_PROTOTYPES = YES;
				CLANG_WARN_SUSPICIOUS_MOVE = YES;
				CLANG_WARN_UNGUARDED_AVAILABILITY = YES_AGGRESSIVE;
				CLANG_WARN_UNREACHABLE_CODE = YES;
				CLANG_WARN__DUPLICATE_METHOD_MATCH = YES;
				CODE_SIGN_IDENTITY = "iPhone Developer";
				COPY_PHASE_STRIP = NO;
				CURRENT_PROJECT_VERSION = 1;
				DEBUG_INFORMATION_FORMAT = "dwarf-with-dsym";
				ENABLE_NS_ASSERTIONS = NO;
				ENABLE_STRICT_OBJC_MSGSEND = YES;
				GCC_C_LANGUAGE_STANDARD = gnu11;
				GCC_NO_COMMON_BLOCKS = YES;
				GCC_WARN_64_TO_32_BIT_CONVERSION = YES;
				GCC_WARN_ABOUT_RETURN_TYPE = YES_ERROR;
				GCC_WARN_UNDECLARED_SELECTOR = YES;
				GCC_WARN_UNINITIALIZED_AUTOS = YES_AGGRESSIVE;
				GCC_WARN_UNUSED_FUNCTION = YES;
				GCC_WARN_UNUSED_VARIABLE = YES;
				IPHONEOS_DEPLOYMENT_TARGET = 12.1;
				MTL_ENABLE_DEBUG_INFO = NO;
				MTL_FAST_MATH = YES;
				SDKROOT = iphoneos;
				SWIFT_COMPILATION_MODE = wholemodule;
				SWIFT_OPTIMIZATION_LEVEL = "-O";
				VALIDATE_PRODUCT = YES;
				VERSIONING_SYSTEM = "apple-generic";
				VERSION_INFO_PREFIX = "";
			};
			name = Release;
		};
		02365F6021B18B4400156242 /* Debug */ = {
			isa = XCBuildConfiguration;
			buildSettings = {
				CLANG_ENABLE_MODULES = YES;
				CODE_SIGN_IDENTITY = "";
				CODE_SIGN_STYLE = Automatic;
				DEFINES_MODULE = YES;
				DEVELOPMENT_TEAM = T3FL6FH4BC;
				DYLIB_COMPATIBILITY_VERSION = 1;
				DYLIB_CURRENT_VERSION = 1;
				DYLIB_INSTALL_NAME_BASE = "@rpath";
				INFOPLIST_FILE = "$(SRCROOT)/Sources/Info.plist";
				INSTALL_PATH = "$(LOCAL_LIBRARY_DIR)/Frameworks";
				LD_RUNPATH_SEARCH_PATHS = (
					"$(inherited)",
					"@executable_path/Frameworks",
					"@loader_path/Frameworks",
				);
				PRODUCT_BUNDLE_IDENTIFIER = eu.arifads.FormData;
				PRODUCT_NAME = "$(TARGET_NAME:c99extidentifier)";
				SKIP_INSTALL = YES;
				SWIFT_OPTIMIZATION_LEVEL = "-Onone";
				SWIFT_VERSION = 4.2;
				TARGETED_DEVICE_FAMILY = "1,2";
			};
			name = Debug;
		};
		02365F6121B18B4400156242 /* Release */ = {
			isa = XCBuildConfiguration;
			buildSettings = {
				CLANG_ENABLE_MODULES = YES;
				CODE_SIGN_IDENTITY = "";
				CODE_SIGN_STYLE = Automatic;
				DEFINES_MODULE = YES;
				DEVELOPMENT_TEAM = T3FL6FH4BC;
				DYLIB_COMPATIBILITY_VERSION = 1;
				DYLIB_CURRENT_VERSION = 1;
				DYLIB_INSTALL_NAME_BASE = "@rpath";
				INFOPLIST_FILE = "$(SRCROOT)/Sources/Info.plist";
				INSTALL_PATH = "$(LOCAL_LIBRARY_DIR)/Frameworks";
				LD_RUNPATH_SEARCH_PATHS = (
					"$(inherited)",
					"@executable_path/Frameworks",
					"@loader_path/Frameworks",
				);
				PRODUCT_BUNDLE_IDENTIFIER = eu.arifads.FormData;
				PRODUCT_NAME = "$(TARGET_NAME:c99extidentifier)";
				SKIP_INSTALL = YES;
				SWIFT_VERSION = 4.2;
				TARGETED_DEVICE_FAMILY = "1,2";
			};
			name = Release;
		};
		02995C042237D72200AABCA1 /* Debug */ = {
			isa = XCBuildConfiguration;
			buildSettings = {
				CODE_SIGN_STYLE = Automatic;
				DEVELOPMENT_TEAM = T3FL6FH4BC;
				INFOPLIST_FILE = Tests/Info.plist;
				LD_RUNPATH_SEARCH_PATHS = (
					"$(inherited)",
					"@executable_path/Frameworks",
					"@loader_path/Frameworks",
				);
				PRODUCT_BUNDLE_IDENTIFIER = eu.arifads.FormData.Tests.Tests;
				PRODUCT_NAME = "$(TARGET_NAME)";
				SWIFT_VERSION = 4.2;
				TARGETED_DEVICE_FAMILY = "1,2";
			};
			name = Debug;
		};
		02995C052237D72200AABCA1 /* Release */ = {
			isa = XCBuildConfiguration;
			buildSettings = {
				CODE_SIGN_STYLE = Automatic;
				DEVELOPMENT_TEAM = T3FL6FH4BC;
				INFOPLIST_FILE = Tests/Info.plist;
				LD_RUNPATH_SEARCH_PATHS = (
					"$(inherited)",
					"@executable_path/Frameworks",
					"@loader_path/Frameworks",
				);
				PRODUCT_BUNDLE_IDENTIFIER = eu.arifads.FormData.Tests.Tests;
				PRODUCT_NAME = "$(TARGET_NAME)";
				SWIFT_VERSION = 4.2;
				TARGETED_DEVICE_FAMILY = "1,2";
			};
			name = Release;
		};
/* End XCBuildConfiguration section */

/* Begin XCConfigurationList section */
		02365F5121B18B4400156242 /* Build configuration list for PBXProject "FormData" */ = {
			isa = XCConfigurationList;
			buildConfigurations = (
				02365F5D21B18B4400156242 /* Debug */,
				02365F5E21B18B4400156242 /* Release */,
			);
			defaultConfigurationIsVisible = 0;
			defaultConfigurationName = Release;
		};
		02365F5F21B18B4400156242 /* Build configuration list for PBXNativeTarget "FormData" */ = {
			isa = XCConfigurationList;
			buildConfigurations = (
				02365F6021B18B4400156242 /* Debug */,
				02365F6121B18B4400156242 /* Release */,
			);
			defaultConfigurationIsVisible = 0;
			defaultConfigurationName = Release;
		};
		02995C062237D72200AABCA1 /* Build configuration list for PBXNativeTarget "Tests" */ = {
			isa = XCConfigurationList;
			buildConfigurations = (
				02995C042237D72200AABCA1 /* Debug */,
				02995C052237D72200AABCA1 /* Release */,
			);
			defaultConfigurationIsVisible = 0;
			defaultConfigurationName = Release;
		};
/* End XCConfigurationList section */
	};
	rootObject = 02365F4E21B18B4400156242 /* Project object */;
}
